
Microsoft Visual Studio Solution File, Format Version 12.00
# Visual Studio Version 16
VisualStudioVersion = 16.0.28803.352
MinimumVisualStudioVersion = 10.0.40219.1
Project("{FAE04EC0-301F-11D3-BF4B-00C04F79EFBC}") = "OrdenacaoTP2", "ConsoleTesteOrdenacao\OrdenacaoTP2.csproj", "{278D9464-3679-4ED2-AE52-3364DB9DC88D}"
EndProject
Global
	GlobalSection(SolutionConfigurationPlatforms) = preSolution
		Debug|Any CPU = Debug|Any CPU
		Release|Any CPU = Release|Any CPU
	EndGlobalSection
	GlobalSection(ProjectConfigurationPlatforms) = postSolution
		{278D9464-3679-4ED2-AE52-3364DB9DC88D}.Debug|Any CPU.ActiveCfg = Debug|Any CPU
		{278D9464-3679-4ED2-AE52-3364DB9DC88D}.Debug|Any CPU.Build.0 = Debug|Any CPU
		{278D9464-3679-4ED2-AE52-3364DB9DC88D}.Release|Any CPU.ActiveCfg = Release|Any CPU
		{278D9464-3679-4ED2-AE52-3364DB9DC88D}.Release|Any CPU.Build.0 = Release|Any CPU
	EndGlobalSection
	GlobalSection(SolutionProperties) = preSolution
		HideSolutionNode = FALSE
	EndGlobalSection
	GlobalSection(ExtensibilityGlobals) = postSolution
		SolutionGuid = {6DE60081-6BED-459D-84EC-CCB50F2BC84C}
	EndGlobalSection
EndGlobal
